
Microsoft Visual Studio Solution File, Format Version 12.00
# Visual Studio 2012
Project("{FAE04EC0-301F-11D3-BF4B-00C04F79EFBC}") = "IndexersAreABlast", "IndexersAreABlast\IndexersAreABlast.csproj", "{FCC39B43-E7AB-42D1-A68F-12AD45BF76E5}"
EndProject
Global
	GlobalSection(SolutionConfigurationPlatforms) = preSolution
		Debug|Any CPU = Debug|Any CPU
		Release|Any CPU = Release|Any CPU
	EndGlobalSection
	GlobalSection(ProjectConfigurationPlatforms) = postSolution
		{FCC39B43-E7AB-42D1-A68F-12AD45BF76E5}.Debug|Any CPU.ActiveCfg = Debug|Any CPU
		{FCC39B43-E7AB-42D1-A68F-12AD45BF76E5}.Debug|Any CPU.Build.0 = Debug|Any CPU
		{FCC39B43-E7AB-42D1-A68F-12AD45BF76E5}.Release|Any CPU.ActiveCfg = Release|Any CPU
		{FCC39B43-E7AB-42D1-A68F-12AD45BF76E5}.Release|Any CPU.Build.0 = Release|Any CPU
	EndGlobalSection
	GlobalSection(SolutionProperties) = preSolution
		HideSolutionNode = FALSE
	EndGlobalSection
EndGlobal
